
Microsoft Visual Studio Solution File, Format Version 12.00
# Visual Studio Version 17
VisualStudioVersion = 17.14.36221.1 d17.14
MinimumVisualStudioVersion = 10.0.40219.1
Project("{FAE04EC0-301F-11D3-BF4B-00C04F79EFBC}") = "VSC.Toolsy.Server", "VSC.Toolsy.Server.csproj", "{2C22C0F0-FCAA-4C67-9772-73A50983D750}"
EndProject
Project("{FAE04EC0-301F-11D3-BF4B-00C04F79EFBC}") = "VSC.Toolsy.Repositories", "..\VSC.Toolsy.Repositories\VSC.Toolsy.Repositories.csproj", "{AC4B409C-D0AF-44C5-8158-AC4C97A0316A}"
EndProject
Project("{FAE04EC0-301F-11D3-BF4B-00C04F79EFBC}") = "VSC.Toolsy.Common", "..\VSC.Toolsy.Common\VSC.Toolsy.Common.csproj", "{6AAB0CA1-6E98-4436-A009-CFE3AD1FE051}"
EndProject
Project("{FAE04EC0-301F-11D3-BF4B-00C04F79EFBC}") = "VSC.Toolsy.Services", "..\VSC.Toolsy.Services\VSC.Toolsy.Services.csproj", "{3B4900E6-161F-4BAF-A244-51DFB906AA4B}"
EndProject
Global
	GlobalSection(SolutionConfigurationPlatforms) = preSolution
		Debug|Any CPU = Debug|Any CPU
		Release|Any CPU = Release|Any CPU
	EndGlobalSection
	GlobalSection(ProjectConfigurationPlatforms) = postSolution
		{2C22C0F0-FCAA-4C67-9772-73A50983D750}.Debug|Any CPU.ActiveCfg = Debug|Any CPU
		{2C22C0F0-FCAA-4C67-9772-73A50983D750}.Debug|Any CPU.Build.0 = Debug|Any CPU
		{2C22C0F0-FCAA-4C67-9772-73A50983D750}.Release|Any CPU.ActiveCfg = Release|Any CPU
		{2C22C0F0-FCAA-4C67-9772-73A50983D750}.Release|Any CPU.Build.0 = Release|Any CPU
		{AC4B409C-D0AF-44C5-8158-AC4C97A0316A}.Debug|Any CPU.ActiveCfg = Debug|Any CPU
		{AC4B409C-D0AF-44C5-8158-AC4C97A0316A}.Debug|Any CPU.Build.0 = Debug|Any CPU
		{AC4B409C-D0AF-44C5-8158-AC4C97A0316A}.Release|Any CPU.ActiveCfg = Release|Any CPU
		{AC4B409C-D0AF-44C5-8158-AC4C97A0316A}.Release|Any CPU.Build.0 = Release|Any CPU
		{6AAB0CA1-6E98-4436-A009-CFE3AD1FE051}.Debug|Any CPU.ActiveCfg = Debug|Any CPU
		{6AAB0CA1-6E98-4436-A009-CFE3AD1FE051}.Debug|Any CPU.Build.0 = Debug|Any CPU
		{6AAB0CA1-6E98-4436-A009-CFE3AD1FE051}.Release|Any CPU.ActiveCfg = Release|Any CPU
		{6AAB0CA1-6E98-4436-A009-CFE3AD1FE051}.Release|Any CPU.Build.0 = Release|Any CPU
		{3B4900E6-161F-4BAF-A244-51DFB906AA4B}.Debug|Any CPU.ActiveCfg = Debug|Any CPU
		{3B4900E6-161F-4BAF-A244-51DFB906AA4B}.Debug|Any CPU.Build.0 = Debug|Any CPU
		{3B4900E6-161F-4BAF-A244-51DFB906AA4B}.Release|Any CPU.ActiveCfg = Release|Any CPU
		{3B4900E6-161F-4BAF-A244-51DFB906AA4B}.Release|Any CPU.Build.0 = Release|Any CPU
	EndGlobalSection
	GlobalSection(SolutionProperties) = preSolution
		HideSolutionNode = FALSE
	EndGlobalSection
	GlobalSection(ExtensibilityGlobals) = postSolution
		SolutionGuid = {8EE67E6E-580B-42A9-8316-C5341B969B3E}
	EndGlobalSection
EndGlobal
